[[package]]
name = "tabulate"
version = "0.8.10"
description = "Pretty-print tabular data"
category = "main"
optional = false
python-versions = ">=2.7, !=3.0.*, !=3.1.*, !=3.2.*, !=3.3.*, !=3.4.*"

[package.extras]
widechars = ["wcwidth"]

[metadata]
lock-version = "1.1"
python-versions = "^3.7"
content-hash = "f9b770edaaba31d39ab8e740fe11c3118193f5070fb09fa3d5c622ba07400ae3"

[metadata.files]
tabulate = [
    {file = "tabulate-0.8.10-py3-none-any.whl", hash = "sha256:0ba055423dbaa164b9e456abe7920c5e8ed33fcc16f6d1b2f2d152c8e1e8b4fc"},
    {file = "tabulate-0.8.10-py3.8.egg", hash = "sha256:436f1c768b424654fce8597290d2764def1eea6a77cfa5c33be00b1bc0f4f63d"},
    {file = "tabulate-0.8.10.tar.gz", hash = "sha256:6c57f3f3dd7ac2782770155f3adb2db0b1a269637e42f27599925e64b114f519"},
]
